
Microsoft Visual Studio Solution File, Format Version 12.00
# Visual Studio Version 16
VisualStudioVersion = 16.0.32126.315
MinimumVisualStudioVersion = 10.0.40219.1
Project("{FAE04EC0-301F-11D3-BF4B-00C04F79EFBC}") = "WindowsFormsApp4", "WindowsFormsApp4\WindowsFormsApp4.csproj", "{2930C7E4-0E28-4F48-BD1D-3F90DD07ACDF}"
EndProject
Global
	GlobalSection(SolutionConfigurationPlatforms) = preSolution
		Debug|Any CPU = Debug|Any CPU
		Release|Any CPU = Release|Any CPU
	EndGlobalSection
	GlobalSection(ProjectConfigurationPlatforms) = postSolution
		{2930C7E4-0E28-4F48-BD1D-3F90DD07ACDF}.Debug|Any CPU.ActiveCfg = Debug|Any CPU
		{2930C7E4-0E28-4F48-BD1D-3F90DD07ACDF}.Debug|Any CPU.Build.0 = Debug|Any CPU
		{2930C7E4-0E28-4F48-BD1D-3F90DD07ACDF}.Release|Any CPU.ActiveCfg = Release|Any CPU
		{2930C7E4-0E28-4F48-BD1D-3F90DD07ACDF}.Release|Any CPU.Build.0 = Release|Any CPU
	EndGlobalSection
	GlobalSection(SolutionProperties) = preSolution
		HideSolutionNode = FALSE
	EndGlobalSection
	GlobalSection(ExtensibilityGlobals) = postSolution
		SolutionGuid = {9B42CDD8-A6D4-473A-A9E1-19D5AFE85FB2}
	EndGlobalSection
EndGlobal
